
Microsoft Visual Studio Solution File, Format Version 12.00
# Visual Studio Version 16
VisualStudioVersion = 16.0.32126.315
MinimumVisualStudioVersion = 10.0.40219.1
Project("{FAE04EC0-301F-11D3-BF4B-00C04F79EFBC}") = "ExpressionValidation_20210741", "ExpressionValidation_20210741\ExpressionValidation_20210741.csproj", "{5BF5176F-1769-460D-9AA1-6C8457A16B58}"
EndProject
Global
	GlobalSection(SolutionConfigurationPlatforms) = preSolution
		Debug|Any CPU = Debug|Any CPU
		Release|Any CPU = Release|Any CPU
	EndGlobalSection
	GlobalSection(ProjectConfigurationPlatforms) = postSolution
		{5BF5176F-1769-460D-9AA1-6C8457A16B58}.Debug|Any CPU.ActiveCfg = Debug|Any CPU
		{5BF5176F-1769-460D-9AA1-6C8457A16B58}.Debug|Any CPU.Build.0 = Debug|Any CPU
		{5BF5176F-1769-460D-9AA1-6C8457A16B58}.Release|Any CPU.ActiveCfg = Release|Any CPU
		{5BF5176F-1769-460D-9AA1-6C8457A16B58}.Release|Any CPU.Build.0 = Release|Any CPU
	EndGlobalSection
	GlobalSection(SolutionProperties) = preSolution
		HideSolutionNode = FALSE
	EndGlobalSection
	GlobalSection(ExtensibilityGlobals) = postSolution
		SolutionGuid = {A0CA19FF-363A-4B37-8D24-0BED4571A9E3}
	EndGlobalSection
EndGlobal
